
Microsoft Visual Studio Solution File, Format Version 12.00
# Visual Studio Version 17
VisualStudioVersion = 17.9.34728.123
MinimumVisualStudioVersion = 10.0.40219.1
Project("{FAE04EC0-301F-11D3-BF4B-00C04F79EFBC}") = "PIMS", "PIMS\PIMS.csproj", "{DD47C186-4B35-4260-9B8D-195DF4345FCF}"
EndProject
Global
	GlobalSection(SolutionConfigurationPlatforms) = preSolution
		Debug|Any CPU = Debug|Any CPU
		Release|Any CPU = Release|Any CPU
	EndGlobalSection
	GlobalSection(ProjectConfigurationPlatforms) = postSolution
		{DD47C186-4B35-4260-9B8D-195DF4345FCF}.Debug|Any CPU.ActiveCfg = Debug|Any CPU
		{DD47C186-4B35-4260-9B8D-195DF4345FCF}.Debug|Any CPU.Build.0 = Debug|Any CPU
		{DD47C186-4B35-4260-9B8D-195DF4345FCF}.Release|Any CPU.ActiveCfg = Release|Any CPU
		{DD47C186-4B35-4260-9B8D-195DF4345FCF}.Release|Any CPU.Build.0 = Release|Any CPU
	EndGlobalSection
	GlobalSection(SolutionProperties) = preSolution
		HideSolutionNode = FALSE
	EndGlobalSection
	GlobalSection(ExtensibilityGlobals) = postSolution
		SolutionGuid = {E4ABD682-4419-4785-9FFF-FCE4D2CED6AF}
	EndGlobalSection
EndGlobal
